<?xml version="1.0" encoding="utf-8"?>
<Project ToolsVersion="4.0" xmlns="http://schemas.microsoft.com/developer/msbuild/2003">
  <ItemGroup>
    <ClCompile Include="AirPlannerSingleton.cpp" />
    <ClCompile Include="AssemblyInfo.cpp" />
    <ClCompile Include="CapaDePresentacio.cpp" />
    <ClCompile Include="CercadoraClient.cpp" />
    <ClCompile Include="CercadoraUsuari.cpp" />
    <ClCompile Include="ConnexioBD.cpp" />
    <ClCompile Include="CppCLR_WinFormsProject.cpp" />
    <ClCompile Include="DTOAerolinia.cpp" />
    <ClCompile Include="FormRegistrarAerolinia.cpp" />
    <ClCompile Include="PassarelaAerolinia.cpp" />
    <ClCompile Include="CtrlModificaClient.cpp" />
    <ClCompile Include="DTOClient.cpp" />
    <ClCompile Include="Form1.cpp" />
    <ClCompile Include="FormSenseSessio.cpp" />
    <ClCompile Include="FormSessioIniciada.cpp" />
    <ClCompile Include="FormEsborraUsuari.cpp" />
    <ClCompile Include="MyForm.cpp" />
    <ClCompile Include="FormConsultaClient.cpp" />
    <ClCompile Include="FormRegistrarAeroport.cpp" />
    <ClCompile Include="PassarelaAeroport.cpp" />
    <ClCompile Include="FormIniciaSessio.cpp" />
    <ClCompile Include="TxEsborraUsuari.cpp" />
    <ClCompile Include="TxIniciSessio.cpp" />
    <ClCompile Include="PassarelaClient.cpp" />
    <ClCompile Include="PassarelaUsuari.cpp" />
    <ClCompile Include="pch.cpp" />
    <ClCompile Include="TxRegistrarAerolinia.cpp" />
    <ClCompile Include="txConsultaClient.cpp" />
    <ClCompile Include="TxRegistrarAeroport.cpp" />
    <ClCompile Include="TxRegistrarClient.cpp" />
    <ClCompile Include="TxTancarSessio.cpp" />
    <ClCompile Include="FormAeroportIniciat.cpp" />
    <ClCompile Include="FormAeroliniaIniciada.cpp" />
    <ClCompile Include="FormTreballadorIniciat.cpp" />
    <ClCompile Include="FormAdministradorIniciat.cpp" />
    <ClCompile Include="CtrlModificaTreballador.cpp" />
    <ClCompile Include="FormConsultarTreballadorsAeroport.cpp" />
    <ClCompile Include="TxConsultarTreballadorsAeroport.cpp" />
    <ClCompile Include="CercadoraTreballador.cpp" />
    <ClCompile Include="FormEsborraTreballador.cpp" />
    <ClCompile Include="TxEsborraTreballador.cpp" />
    <ClCompile Include="PassarelaReserva.cpp" />
    <ClCompile Include="CercadoraReserva.cpp" />
    <ClCompile Include="CercadoraModelsAvio.cpp" />
    <ClCompile Include="CtrlReservarVol.cpp" />
    <ClCompile Include="FormReservarVol.cpp" />
    <ClCompile Include="PassarelaModelsAvio.cpp" />
    <ClCompile Include="FormReservarPerClient.cpp" />
    <ClCompile Include="FormNumeroReserves.cpp" />
    <ClCompile Include="CercadoraPeticions.cpp" />
    <ClCompile Include="DTOPeticions.cpp" />
    <ClCompile Include="TxConsultarPeticions.cpp" />
    <ClCompile Include="TxDenegarPeticio.cpp" />
    <ClCompile Include="TxAprovarPeticio.cpp" />
    <ClCompile Include="FormPeticions.cpp" />
    <ClCompile Include="FormMotiu.cpp" />
    <ClCompile Include="FormCrearPeticio.cpp" />
    <ClCompile Include="PassarelaPeticions.cpp" />
    <ClCompile Include="TxCrearPeticioVol.cpp" />
    <ClCompile Include="TxConsultaVolsAerolinia.cpp" />
    <ClCompile Include="FormConsultaVolsAerolinia.cpp" />
    <ClCompile Include="DTOVol.cpp" />
    <ClCompile Include="CercadoraVol.cpp" />
    <ClCompile Include="TxBuscarVols.cpp" />
    <ClCompile Include="FormBuscarVols.cpp" />
    <ClCompile Include="TxObteFiltresBuscaVols.cpp" />
    <ClCompile Include="TxRegistrarTreballador.cpp" />
    <ClCompile Include="FormRegistrarTreballador1.cpp" />
    <ClCompile Include="PassarelaTreballador.cpp" />
    <ClCompile Include="PassarelaVol.cpp" />
    <ClCompile Include="CercadoraAerolinia.cpp" />
    <ClCompile Include="CercadoraAeroport.cpp" />
    <ClCompile Include="CtrlModificaAerolinia.cpp" />
    <ClCompile Include="FormModificarAerolinia.cpp" />
    <ClCompile Include="FormConsultarEstatVol.cpp" />
    <ClCompile Include="CtrlModificaAeroport.cpp" />
    <ClCompile Include="DTOAeroport.cpp" />
    <ClCompile Include="FormEsborraAerolinia.cpp" />
    <ClCompile Include="FormEsborraAeroport.cpp" />
    <ClCompile Include="DTOInfoVol.cpp" />
    <ClCompile Include="FormBuscarVolPerAEstat.cpp" />
    <ClCompile Include="FormConsultarInfoVol.cpp" />
    <ClCompile Include="TxConsultaAerolinia.cpp" />
    <ClCompile Include="TxConsultaAeroport.cpp" />
    <ClCompile Include="TxEsborraAerolinia.cpp" />
    <ClCompile Include="TxEsborraAeroport.cpp" />
    <ClCompile Include="TxConsultarInfoVol.cpp" />
    <ClCompile Include="CercadoraReserva.cpp" />
    <ClCompile Include="TxConsultaVolsReservatsClient.cpp" />
    <ClCompile Include="FormConsultaVolsReservatsClient.cpp" />
    <ClCompile Include="DTOReservesClient.cpp" />
    <ClCompile Include="TxConsultaVolsAeroport.cpp" />
    <ClCompile Include="FormConsultaVolsAeroport.cpp" />
    <ClCompile Include="TxModificarEstatVol.cpp" />
    <ClCompile Include="CtrlModificaVol.cpp" />
    <ClCompile Include="DTOEstatPeticions.cpp" />
    <ClCompile Include="FormEstatPeticions.cpp" />
    <ClCompile Include="FormCodi.cpp" />
    <ClCompile Include="FormCorreuOlvidaContrasenya.cpp" />
    <ClCompile Include="FormNovaContrasenyaOlvidaContrasenya.cpp" />
    <ClCompile Include="TxOblitContrasenya.cpp" />
    <ClCompile Include="FormRegistrarClient.cpp" />
    <ClCompile Include="FormModificaTreballador.cpp" />
    <ClCompile Include="FormModificaVol.cpp" />
    <ClCompile Include="FormEsborraVol.cpp" />
    <ClCompile Include="Launcher.cpp" />
    <ClCompile Include="FormConsultarAerolinia.cpp" />
    <ClCompile Include="FormConsultarAeroport.cpp" />
    <ClCompile Include="TxConsultaReservesVol.cpp" />
    <ClCompile Include="TxConsultarEstatPeticions.cpp" />
    <ClCompile Include="TxEsborraVol.cpp" />
    <ClCompile Include="FormConsultarReservesVol.cpp" />
    <ClCompile Include="CtrlModificaReservaVol.cpp" />
    <ClCompile Include="FormModificaReservaVol.cpp" />
    <ClCompile Include="CtrlModificaReserva.cpp" />
    <ClCompile Include="FormModificarReserva.cpp" />
    <ClCompile Include="FormModificaAeroport1.cpp" />
    <ClCompile Include="MenuInicial.cpp" />
  </ItemGroup>
  <ItemGroup>
    <ClInclude Include="AirPlannerSingleton.h" />
    <ClInclude Include="CapaDePresentacio.h" />
    <ClInclude Include="CercadoraClient.h" />
    <ClInclude Include="CercadoraUsuari.h" />
    <ClInclude Include="ConnexioBD.h" />
    <ClInclude Include="DTOAerolinia.h" />
    <ClInclude Include="CtrlModificaClient.h" />
    <ClInclude Include="DTOClient.h" />
    <ClInclude Include="Form1.h" />
    <ClInclude Include="FormRegistrarAerolinia.h" />
    <ClInclude Include="PassarelaAerolinia.h" />
    <ClInclude Include="FormSenseSessio.h" />
    <ClInclude Include="FormSessioIniciada.h" />
    <ClInclude Include="FormEsborraUsuari.h" />
    <ClInclude Include="MyForm.h" />
    <ClInclude Include="FormConsultaClient.h" />
    <ClInclude Include="FormRegistrarAeroport.h" />
    <ClInclude Include="PassarelaAeroport.h" />
    <ClInclude Include="FormIniciaSessio.h" />
    <ClInclude Include="TxEsborraUsuari.h" />
    <ClInclude Include="TxIniciSessio.h" />
    <ClInclude Include="PassarelaClient.h" />
    <ClInclude Include="PassarelaUsuari.h" />
    <ClInclude Include="pch.h" />
    <ClInclude Include="Resource.h" />
    <ClInclude Include="TxRegistrarAerolinia.h" />
    <ClInclude Include="txConsultaClient.h" />
    <ClInclude Include="TxRegistrarAeroport.h" />
    <ClInclude Include="TxRegistrarClient.h" />
    <ClInclude Include="TxTancarSessio.h" />
    <ClInclude Include="FormAeroportIniciat.h" />
    <ClInclude Include="FormAeroliniaIniciada.h" />
    <ClInclude Include="FormTreballadorIniciat.h" />
    <ClInclude Include="FormAdministradorIniciat.h" />
    <ClInclude Include="CtrlModificaTreballador.h" />
    <ClInclude Include="FormConsultarTreballadorsAeroport.h" />
    <ClInclude Include="TxConsultarTreballadorsAeroport.h" />
    <ClInclude Include="CercadoraTreballador.h" />
    <ClInclude Include="FormEsborraTreballador.h" />
    <ClInclude Include="TxEsborraTreballador.h" />
    <ClInclude Include="PassarelaReserva.h" />
    <ClInclude Include="CercadoraReserva.h" />
    <ClInclude Include="CercadoraModelsAvio.h" />
    <ClInclude Include="CtrlReservarVol.h" />
    <ClInclude Include="FormReservarVol.h" />
    <ClInclude Include="PassarelaModelsAvio.h" />
    <ClInclude Include="FormReservarPerClient.h" />
    <ClInclude Include="FormNumeroReserves.h" />
    <ClInclude Include="CercadoraPeticions.h" />
    <ClInclude Include="DTOPeticions.h" />
    <ClInclude Include="TxConsultarPeticions.h" />
    <ClInclude Include="TxDenegarPeticio.h" />
    <ClInclude Include="TxAprovarPeticio.h" />
    <ClInclude Include="FormPeticions.h" />
    <ClInclude Include="FormMotiu.h" />
    <ClInclude Include="FormCrearPeticio.h" />
    <ClInclude Include="PassarelaPeticions.h" />
    <ClInclude Include="TxCrearPeticioVol.h" />
    <ClInclude Include="PassarelaTreballador.h" />
    <ClInclude Include="PassarelaVol.h" />
    <ClInclude Include="TxConsultaVolsAerolinia.h" />
    <ClInclude Include="FormConsultaVolsAerolinia.h" />
    <ClInclude Include="DTOVol.h" />
    <ClInclude Include="CercadoraVol.h" />
    <ClInclude Include="TxBuscarVols.h" />
    <ClInclude Include="FormBuscarVols.h" />
    <ClInclude Include="TxObteFiltresBuscaVols.h" />
    <ClInclude Include="TxRegistrarTreballador.h" />
    <ClInclude Include="FormRegistrarTreballador1.h" />
    <ClInclude Include="CercadoraAerolinia.h" />
    <ClInclude Include="CercadoraAeroport.h" />
    <ClInclude Include="CtrlModificaAerolinia.h" />
    <ClInclude Include="FormModificarAerolinia.h" />
    <ClInclude Include="FormConsultarEstatVol.h" />
    <ClInclude Include="CtrlModificaAeroport.h" />
    <ClInclude Include="DTOAeroport.h" />
    <ClInclude Include="DTOInfoVol.h" />
    <ClInclude Include="FormEsborraAerolinia.h" />
    <ClInclude Include="FormEsborraAeroport.h" />
    <ClInclude Include="FormBuscarVolPerAEstat.h" />
    <ClInclude Include="FormConsultarInfoVol.h" />
    <ClInclude Include="TxConsultaAerolinia.h" />
    <ClInclude Include="TxConsultaAeroport.h" />
    <ClInclude Include="TxEsborraAerolinia.h" />
    <ClInclude Include="TxEsborraAeroport.h" />
    <ClInclude Include="TxConsultarInfoVol.h" />
    <ClInclude Include="CercadoraReserva.h" />
    <ClInclude Include="TxConsultaVolsReservatsClient.h" />
    <ClInclude Include="FormConsultaVolsReservatsClient.h" />
    <ClInclude Include="DTOReservesClient.h" />
    <ClInclude Include="TxConsultaVolsAeroport.h" />
    <ClInclude Include="FormConsultaVolsAeroport.h" />
    <ClInclude Include="TxModificarEstatVol.h" />
    <ClInclude Include="CtrlModificaVol.h" />
    <ClInclude Include="DTOEstatPeticions.h" />
    <ClInclude Include="FormModificaTreballador.h" />
    <ClInclude Include="FormModificaVol.h" />
    <ClInclude Include="FormEsborraVol.h" />
    <ClInclude Include="FormEstatPeticions.h" />
    <ClInclude Include="FormCodi.h" />
    <ClInclude Include="FormCorreuOlvidaContrasenya.h" />
    <ClInclude Include="FormNovaContrasenyaOlvidaContrasenya.h" />
    <ClInclude Include="TxOblitContrasenya.h" />
    <ClInclude Include="FormRegistrarClient.h" />
    <ClInclude Include="Launcher.h" />
    <ClInclude Include="TxConsultaReservesVol.h" />
    <ClInclude Include="TxConsultarEstatPeticions.h" />
    <ClInclude Include="TxEsborraVol.h" />
    <ClInclude Include="FormConsultarAeroport.h" />
    <ClInclude Include="FormConsultarAerolinia.h" />
    <ClInclude Include="FormConsultarReservesVol.h" />
    <ClInclude Include="CtrlModificaReservaVol.h" />
    <ClInclude Include="FormModificaReservaVol.h" />
    <ClInclude Include="CtrlModificaReserva.h" />
    <ClInclude Include="FormModificarReserva.h" />
    <ClInclude Include="FormModificaAeroport1.h" />
    <ClInclude Include="MenuInicial.h" />
  </ItemGroup>
  <ItemGroup>
    <ResourceCompile Include="app.rc" />
  </ItemGroup>
  <ItemGroup>
    <Image Include="app.ico" />
  </ItemGroup>
  <ItemGroup>
    <EmbeddedResource Include="FormEsborraAerolinia.resx" />
    <EmbeddedResource Include="FormEsborraAeroport.resx" />
  </ItemGroup>
</Project>